
Microsoft Visual Studio Solution File, Format Version 12.00
# Visual Studio Version 17
VisualStudioVersion = 17.14.36408.4 d17.14
MinimumVisualStudioVersion = 10.0.40219.1
Project("{FAE04EC0-301F-11D3-BF4B-00C04F79EFBC}") = "DrowsinessDetectionApp", "DrowsinessDetectionApp.csproj", "{3A180748-98C9-4F5B-A943-DADE617EB8FE}"
EndProject
Global
	GlobalSection(SolutionConfigurationPlatforms) = preSolution
		Debug|Any CPU = Debug|Any CPU
		Release|Any CPU = Release|Any CPU
	EndGlobalSection
	GlobalSection(ProjectConfigurationPlatforms) = postSolution
		{3A180748-98C9-4F5B-A943-DADE617EB8FE}.Debug|Any CPU.ActiveCfg = Debug|Any CPU
		{3A180748-98C9-4F5B-A943-DADE617EB8FE}.Debug|Any CPU.Build.0 = Debug|Any CPU
		{3A180748-98C9-4F5B-A943-DADE617EB8FE}.Release|Any CPU.ActiveCfg = Release|Any CPU
		{3A180748-98C9-4F5B-A943-DADE617EB8FE}.Release|Any CPU.Build.0 = Release|Any CPU
	EndGlobalSection
	GlobalSection(SolutionProperties) = preSolution
		HideSolutionNode = FALSE
	EndGlobalSection
	GlobalSection(ExtensibilityGlobals) = postSolution
		SolutionGuid = {09D8D28C-5A57-4705-8216-2298F8150300}
	EndGlobalSection
EndGlobal
